
Microsoft Visual Studio Solution File, Format Version 12.00
# Visual Studio Version 18
VisualStudioVersion = 18.5.11626.173 insiders
MinimumVisualStudioVersion = 10.0.40219.1
Project("{FAE04EC0-301F-11D3-BF4B-00C04F79EFBC}") = "OpticalDose", "OpticalDose.csproj", "{CA52E799-E495-839C-65CE-80C1EF1FE75B}"
EndProject
Global
	GlobalSection(SolutionConfigurationPlatforms) = preSolution
		Debug|Any CPU = Debug|Any CPU
		Release|Any CPU = Release|Any CPU
	EndGlobalSection
	GlobalSection(ProjectConfigurationPlatforms) = postSolution
		{CA52E799-E495-839C-65CE-80C1EF1FE75B}.Debug|Any CPU.ActiveCfg = Debug|Any CPU
		{CA52E799-E495-839C-65CE-80C1EF1FE75B}.Debug|Any CPU.Build.0 = Debug|Any CPU
		{CA52E799-E495-839C-65CE-80C1EF1FE75B}.Release|Any CPU.ActiveCfg = Release|Any CPU
		{CA52E799-E495-839C-65CE-80C1EF1FE75B}.Release|Any CPU.Build.0 = Release|Any CPU
	EndGlobalSection
	GlobalSection(SolutionProperties) = preSolution
		HideSolutionNode = FALSE
	EndGlobalSection
	GlobalSection(ExtensibilityGlobals) = postSolution
		SolutionGuid = {B911EC84-F9AD-4002-B784-21C3CB276E22}
	EndGlobalSection
EndGlobal
